{
    "_meta": {
        "hash": {
            "sha256": "5977c711adcf84fa1ed27cf029034a5423c92238d27595f829f72582570f34dc"
        },
        "pipfile-spec": 6,
        "requires": {
            "python_version": "3.7"
        },
        "sources": [
            {
                "name": "pypi",
                "url": "https://pypi.org/simple",
                "verify_ssl": true
            }
        ]
    },
    "default": {},
    "develop": {
        "pprint": {
            "hashes": [
                "sha256:c0fa22d1462351671ca098e9779bb26a23880011e93eea5f199a150ee7b92a16"
            ],
            "index": "pypi",
            "version": "==0.1"
        }
    }
}
